{
  "originHash" : "a36ecc95b5fd4bd6a0494aead3150f214168449e37e08583293e0288ba2f19af",
  "pins" : [
    {
      "identity" : "youtubekit",
      "kind" : "remoteSourceControl",
      "location" : "https://github.com/alexeichhorn/YouTubeKit.git",
      "state" : {
        "revision" : "481c8e3a924ccad893197bdc4577424fae952853",
        "version" : "0.4.0"
      }
    }
  ],
  "version" : 3
}
